
Microsoft Visual Studio Solution File, Format Version 12.00
# Visual Studio Version 17
VisualStudioVersion = 17.2.32516.85
MinimumVisualStudioVersion = 10.0.40219.1
Project("{9A19103F-16F7-4668-BE54-9A1E7A4F7556}") = "eb_api_deneme_2", "eb_api_deneme_2\eb_api_deneme_2.csproj", "{996CA69B-D52B-425C-B3A8-8E2CF2EEDE70}"
EndProject
Project("{FAE04EC0-301F-11D3-BF4B-00C04F79EFBC}") = "ProductApp", "ProductApp\ProductApp.csproj", "{D2755207-FB1C-44F0-8E40-AC3AAC39C350}"
EndProject
Global
	GlobalSection(SolutionConfigurationPlatforms) = preSolution
		Debug|Any CPU = Debug|Any CPU
		Release|Any CPU = Release|Any CPU
	EndGlobalSection
	GlobalSection(ProjectConfigurationPlatforms) = postSolution
		{996CA69B-D52B-425C-B3A8-8E2CF2EEDE70}.Debug|Any CPU.ActiveCfg = Debug|Any CPU
		{996CA69B-D52B-425C-B3A8-8E2CF2EEDE70}.Debug|Any CPU.Build.0 = Debug|Any CPU
		{996CA69B-D52B-425C-B3A8-8E2CF2EEDE70}.Release|Any CPU.ActiveCfg = Release|Any CPU
		{996CA69B-D52B-425C-B3A8-8E2CF2EEDE70}.Release|Any CPU.Build.0 = Release|Any CPU
		{D2755207-FB1C-44F0-8E40-AC3AAC39C350}.Debug|Any CPU.ActiveCfg = Debug|Any CPU
		{D2755207-FB1C-44F0-8E40-AC3AAC39C350}.Debug|Any CPU.Build.0 = Debug|Any CPU
		{D2755207-FB1C-44F0-8E40-AC3AAC39C350}.Release|Any CPU.ActiveCfg = Release|Any CPU
		{D2755207-FB1C-44F0-8E40-AC3AAC39C350}.Release|Any CPU.Build.0 = Release|Any CPU
	EndGlobalSection
	GlobalSection(SolutionProperties) = preSolution
		HideSolutionNode = FALSE
	EndGlobalSection
	GlobalSection(ExtensibilityGlobals) = postSolution
		SolutionGuid = {EE4B9685-1683-4606-AB88-85271740EE98}
	EndGlobalSection
EndGlobal
